// !$*UTF8*$!
{
	archiveVersion = 1;
	classes = {
	};
	objectVersion = 56;
	objects = {

/* Begin PBXBuildFile section */
		5B78A99729A343BA00F2517C /* AppleMapGuruApp.swift in Sources */ = {isa = PBXBuildFile; fileRef = 5B78A99629A343BA00F2517C /* AppleMapGuruApp.swift */; };
		5B78A99929A343BA00F2517C /* ContentView.swift in Sources */ = {isa = PBXBuildFile; fileRef = 5B78A99829A343BA00F2517C /* ContentView.swift */; };
		5B78A99B29A343BC00F2517C /* Assets.xcassets in Resources */ = {isa = PBXBuildFile; fileRef = 5B78A99A29A343BC00F2517C /* Assets.xcassets */; };
		5B78A99E29A343BC00F2517C /* Preview Assets.xcassets in Resources */ = {isa = PBXBuildFile; fileRef = 5B78A99D29A343BC00F2517C /* Preview Assets.xcassets */; };
		5B78A9A529A3467300F2517C /* MapView.swift in Sources */ = {isa = PBXBuildFile; fileRef = 5B78A9A429A3467300F2517C /* MapView.swift */; };
		5B78A9A729A3977900F2517C /* UndimmedPresentationDetent.swift in Sources */ = {isa = PBXBuildFile; fileRef = 5B78A9A629A3977900F2517C /* UndimmedPresentationDetent.swift */; };
		5B78A9A929A398F100F2517C /* Ex+UISheetPresentationController.swift in Sources */ = {isa = PBXBuildFile; fileRef = 5B78A9A829A398F100F2517C /* Ex+UISheetPresentationController.swift */; };
		5B78A9AB29A3990B00F2517C /* Ex+Collection.swift in Sources */ = {isa = PBXBuildFile; fileRef = 5B78A9AA29A3990B00F2517C /* Ex+Collection.swift */; };
		5B78A9AD29A39B3700F2517C /* Ex+View.swift in Sources */ = {isa = PBXBuildFile; fileRef = 5B78A9AC29A39B3700F2517C /* Ex+View.swift */; };
		5B78A9AF29A39B6600F2517C /* UndimmedDetentView.swift in Sources */ = {isa = PBXBuildFile; fileRef = 5B78A9AE29A39B6600F2517C /* UndimmedDetentView.swift */; };
/* End PBXBuildFile section */

/* Begin PBXFileReference section */
		5B78A99329A343BA00F2517C /* AppleMapGuru.app */ = {isa = PBXFileReference; explicitFileType = wrapper.application; includeInIndex = 0; path = AppleMapGuru.app; sourceTree = BUILT_PRODUCTS_DIR; };
		5B78A99629A343BA00F2517C /* AppleMapGuruApp.swift */ = {isa = PBXFileReference; lastKnownFileType = sourcecode.swift; path = AppleMapGuruApp.swift; sourceTree = "<group>"; };
		5B78A99829A343BA00F2517C /* ContentView.swift */ = {isa = PBXFileReference; lastKnownFileType = sourcecode.swift; path = ContentView.swift; sourceTree = "<group>"; };
		5B78A99A29A343BC00F2517C /* Assets.xcassets */ = {isa = PBXFileReference; lastKnownFileType = folder.assetcatalog; path = Assets.xcassets; sourceTree = "<group>"; };
		5B78A99D29A343BC00F2517C /* Preview Assets.xcassets */ = {isa = PBXFileReference; lastKnownFileType = folder.assetcatalog; path = "Preview Assets.xcassets"; sourceTree = "<group>"; };
		5B78A9A429A3467300F2517C /* MapView.swift */ = {isa = PBXFileReference; lastKnownFileType = sourcecode.swift; path = MapView.swift; sourceTree = "<group>"; };
		5B78A9A629A3977900F2517C /* UndimmedPresentationDetent.swift */ = {isa = PBXFileReference; lastKnownFileType = sourcecode.swift; path = UndimmedPresentationDetent.swift; sourceTree = "<group>"; };
		5B78A9A829A398F100F2517C /* Ex+UISheetPresentationController.swift */ = {isa = PBXFileReference; lastKnownFileType = sourcecode.swift; path = "Ex+UISheetPresentationController.swift"; sourceTree = "<group>"; };
		5B78A9AA29A3990B00F2517C /* Ex+Collection.swift */ = {isa = PBXFileReference; lastKnownFileType = sourcecode.swift; path = "Ex+Collection.swift"; sourceTree = "<group>"; };
		5B78A9AC29A39B3700F2517C /* Ex+View.swift */ = {isa = PBXFileReference; lastKnownFileType = sourcecode.swift; path = "Ex+View.swift"; sourceTree = "<group>"; };
		5B78A9AE29A39B6600F2517C /* UndimmedDetentView.swift */ = {isa = PBXFileReference; lastKnownFileType = sourcecode.swift; path = UndimmedDetentView.swift; sourceTree = "<group>"; };
/* End PBXFileReference section */

/* Begin PBXFrameworksBuildPhase section */
		5B78A99029A343BA00F2517C /* Frameworks */ = {
			isa = PBXFrameworksBuildPhase;
			buildActionMask = 2147483647;
			files = (
			);
			runOnlyForDeploymentPostprocessing = 0;
		};
/* End PBXFrameworksBuildPhase section */

/* Begin PBXGroup section */
		5B78A98A29A343BA00F2517C = {
			isa = PBXGroup;
			children = (
				5B78A99529A343BA00F2517C /* AppleMapGuru */,
				5B78A99429A343BA00F2517C /* Products */,
			);
			sourceTree = "<group>";
		};
		5B78A99429A343BA00F2517C /* Products */ = {
			isa = PBXGroup;
			children = (
				5B78A99329A343BA00F2517C /* AppleMapGuru.app */,
			);
			name = Products;
			sourceTree = "<group>";
		};
		5B78A99529A343BA00F2517C /* AppleMapGuru */ = {
			isa = PBXGroup;
			children = (
				5B78A99629A343BA00F2517C /* AppleMapGuruApp.swift */,
				5B78A99829A343BA00F2517C /* ContentView.swift */,
				5B78A9A429A3467300F2517C /* MapView.swift */,
				5B78A99A29A343BC00F2517C /* Assets.xcassets */,
				5B78A9B029A39B7700F2517C /* UndimmedSheet */,
				5B78A99C29A343BC00F2517C /* Preview Content */,
			);
			path = AppleMapGuru;
			sourceTree = "<group>";
		};
		5B78A99C29A343BC00F2517C /* Preview Content */ = {
			isa = PBXGroup;
			children = (
				5B78A99D29A343BC00F2517C /* Preview Assets.xcassets */,
			);
			path = "Preview Content";
			sourceTree = "<group>";
		};
		5B78A9B029A39B7700F2517C /* UndimmedSheet */ = {
			isa = PBXGroup;
			children = (
				5B78A9A629A3977900F2517C /* UndimmedPresentationDetent.swift */,
				5B78A9AE29A39B6600F2517C /* UndimmedDetentView.swift */,
				5B78A9A829A398F100F2517C /* Ex+UISheetPresentationController.swift */,
				5B78A9AA29A3990B00F2517C /* Ex+Collection.swift */,
				5B78A9AC29A39B3700F2517C /* Ex+View.swift */,
			);
			path = UndimmedSheet;
			sourceTree = "<group>";
		};
/* End PBXGroup section */

/* Begin PBXNativeTarget section */
		5B78A99229A343BA00F2517C /* AppleMapGuru */ = {
			isa = PBXNativeTarget;
			buildConfigurationList = 5B78A9A129A343BC00F2517C /* Build configuration list for PBXNativeTarget "AppleMapGuru" */;
			buildPhases = (
				5B78A98F29A343BA00F2517C /* Sources */,
				5B78A99029A343BA00F2517C /* Frameworks */,
				5B78A99129A343BA00F2517C /* Resources */,
			);
			buildRules = (
			);
			dependencies = (
			);
			name = AppleMapGuru;
			productName = AppleMapGuru;
			productReference = 5B78A99329A343BA00F2517C /* AppleMapGuru.app */;
			productType = "com.apple.product-type.application";
		};
/* End PBXNativeTarget section */

/* Begin PBXProject section */
		5B78A98B29A343BA00F2517C /* Project object */ = {
			isa = PBXProject;
			attributes = {
				BuildIndependentTargetsInParallel = 1;
				LastSwiftUpdateCheck = 1420;
				LastUpgradeCheck = 1420;
				TargetAttributes = {
					5B78A99229A343BA00F2517C = {
						CreatedOnToolsVersion = 14.2;
					};
				};
			};
			buildConfigurationList = 5B78A98E29A343BA00F2517C /* Build configuration list for PBXProject "AppleMapGuru" */;
			compatibilityVersion = "Xcode 14.0";
			developmentRegion = en;
			hasScannedForEncodings = 0;
			knownRegions = (
				en,
				Base,
			);
			mainGroup = 5B78A98A29A343BA00F2517C;
			productRefGroup = 5B78A99429A343BA00F2517C /* Products */;
			projectDirPath = "";
			projectRoot = "";
			targets = (
				5B78A99229A343BA00F2517C /* AppleMapGuru */,
			);
		};
/* End PBXProject section */

/* Begin PBXResourcesBuildPhase section */
		5B78A99129A343BA00F2517C /* Resources */ = {
			isa = PBXResourcesBuildPhase;
			buildActionMask = 2147483647;
			files = (
				5B78A99E29A343BC00F2517C /* Preview Assets.xcassets in Resources */,
				5B78A99B29A343BC00F2517C /* Assets.xcassets in Resources */,
			);
			runOnlyForDeploymentPostprocessing = 0;
		};
/* End PBXResourcesBuildPhase section */

/* Begin PBXSourcesBuildPhase section */
		5B78A98F29A343BA00F2517C /* Sources */ = {
			isa = PBXSourcesBuildPhase;
			buildActionMask = 2147483647;
			files = (
				5B78A9AD29A39B3700F2517C /* Ex+View.swift in Sources */,
				5B78A9A729A3977900F2517C /* UndimmedPresentationDetent.swift in Sources */,
				5B78A99929A343BA00F2517C /* ContentView.swift in Sources */,
				5B78A9AB29A3990B00F2517C /* Ex+Collection.swift in Sources */,
				5B78A9A529A3467300F2517C /* MapView.swift in Sources */,
				5B78A9AF29A39B6600F2517C /* UndimmedDetentView.swift in Sources */,
				5B78A9A929A398F100F2517C /* Ex+UISheetPresentationController.swift in Sources */,
				5B78A99729A343BA00F2517C /* AppleMapGuruApp.swift in Sources */,
			);
			runOnlyForDeploymentPostprocessing = 0;
		};
/* End PBXSourcesBuildPhase section */

/* Begin XCBuildConfiguration section */
		5B78A99F29A343BC00F2517C /* Debug */ = {
			isa = XCBuildConfiguration;
			buildSettings = {
				ALWAYS_SEARCH_USER_PATHS = NO;
				CLANG_ANALYZER_NONNULL = YES;
				CLANG_ANALYZER_NUMBER_OBJECT_CONVERSION = YES_AGGRESSIVE;
				CLANG_CXX_LANGUAGE_STANDARD = "gnu++20";
				CLANG_ENABLE_MODULES = YES;
				CLANG_ENABLE_OBJC_ARC = YES;
				CLANG_ENABLE_OBJC_WEAK = YES;
				CLANG_WARN_BLOCK_CAPTURE_AUTORELEASING = YES;
				CLANG_WARN_BOOL_CONVERSION = YES;
				CLANG_WARN_COMMA = YES;
				CLANG_WARN_CONSTANT_CONVERSION = YES;
				CLANG_WARN_DEPRECATED_OBJC_IMPLEMENTATIONS = YES;
				CLANG_WARN_DIRECT_OBJC_ISA_USAGE = YES_ERROR;
				CLANG_WARN_DOCUMENTATION_COMMENTS = YES;
				CLANG_WARN_EMPTY_BODY = YES;
				CLANG_WARN_ENUM_CONVERSION = YES;
				CLANG_WARN_INFINITE_RECURSION = YES;
				CLANG_WARN_INT_CONVERSION = YES;
				CLANG_WARN_NON_LITERAL_NULL_CONVERSION = YES;
				CLANG_WARN_OBJC_IMPLICIT_RETAIN_SELF = YES;
				CLANG_WARN_OBJC_LITERAL_CONVERSION = YES;
				CLANG_WARN_OBJC_ROOT_CLASS = YES_ERROR;
				CLANG_WARN_QUOTED_INCLUDE_IN_FRAMEWORK_HEADER = YES;
				CLANG_WARN_RANGE_LOOP_ANALYSIS = YES;
				CLANG_WARN_STRICT_PROTOTYPES = YES;
				CLANG_WARN_SUSPICIOUS_MOVE = YES;
				CLANG_WARN_UNGUARDED_AVAILABILITY = YES_AGGRESSIVE;
				CLANG_WARN_UNREACHABLE_CODE = YES;
				CLANG_WARN__DUPLICATE_METHOD_MATCH = YES;
				COPY_PHASE_STRIP = NO;
				DEBUG_INFORMATION_FORMAT = dwarf;
				ENABLE_STRICT_OBJC_MSGSEND = YES;
				ENABLE_TESTABILITY = YES;
				GCC_C_LANGUAGE_STANDARD = gnu11;
				GCC_DYNAMIC_NO_PIC = NO;
				GCC_NO_COMMON_BLOCKS = YES;
				GCC_OPTIMIZATION_LEVEL = 0;
				GCC_PREPROCESSOR_DEFINITIONS = (
					"DEBUG=1",
					"$(inherited)",
				);
				GCC_WARN_64_TO_32_BIT_CONVERSION = YES;
				GCC_WARN_ABOUT_RETURN_TYPE = YES_ERROR;
				GCC_WARN_UNDECLARED_SELECTOR = YES;
				GCC_WARN_UNINITIALIZED_AUTOS = YES_AGGRESSIVE;
				GCC_WARN_UNUSED_FUNCTION = YES;
				GCC_WARN_UNUSED_VARIABLE = YES;
				IPHONEOS_DEPLOYMENT_TARGET = 16.2;
				MTL_ENABLE_DEBUG_INFO = INCLUDE_SOURCE;
				MTL_FAST_MATH = YES;
				ONLY_ACTIVE_ARCH = YES;
				SDKROOT = iphoneos;
				SWIFT_ACTIVE_COMPILATION_CONDITIONS = DEBUG;
				SWIFT_OPTIMIZATION_LEVEL = "-Onone";
			};
			name = Debug;
		};
		5B78A9A029A343BC00F2517C /* Release */ = {
			isa = XCBuildConfiguration;
			buildSettings = {
				ALWAYS_SEARCH_USER_PATHS = NO;
				CLANG_ANALYZER_NONNULL = YES;
				CLANG_ANALYZER_NUMBER_OBJECT_CONVERSION = YES_AGGRESSIVE;
				CLANG_CXX_LANGUAGE_STANDARD = "gnu++20";
				CLANG_ENABLE_MODULES = YES;
				CLANG_ENABLE_OBJC_ARC = YES;
				CLANG_ENABLE_OBJC_WEAK = YES;
				CLANG_WARN_BLOCK_CAPTURE_AUTORELEASING = YES;
				CLANG_WARN_BOOL_CONVERSION = YES;
				CLANG_WARN_COMMA = YES;
				CLANG_WARN_CONSTANT_CONVERSION = YES;
				CLANG_WARN_DEPRECATED_OBJC_IMPLEMENTATIONS = YES;
				CLANG_WARN_DIRECT_OBJC_ISA_USAGE = YES_ERROR;
				CLANG_WARN_DOCUMENTATION_COMMENTS = YES;
				CLANG_WARN_EMPTY_BODY = YES;
				CLANG_WARN_ENUM_CONVERSION = YES;
				CLANG_WARN_INFINITE_RECURSION = YES;
				CLANG_WARN_INT_CONVERSION = YES;
				CLANG_WARN_NON_LITERAL_NULL_CONVERSION = YES;
				CLANG_WARN_OBJC_IMPLICIT_RETAIN_SELF = YES;
				CLANG_WARN_OBJC_LITERAL_CONVERSION = YES;
				CLANG_WARN_OBJC_ROOT_CLASS = YES_ERROR;
				CLANG_WARN_QUOTED_INCLUDE_IN_FRAMEWORK_HEADER = YES;
				CLANG_WARN_RANGE_LOOP_ANALYSIS = YES;
				CLANG_WARN_STRICT_PROTOTYPES = YES;
				CLANG_WARN_SUSPICIOUS_MOVE = YES;
				CLANG_WARN_UNGUARDED_AVAILABILITY = YES_AGGRESSIVE;
				CLANG_WARN_UNREACHABLE_CODE = YES;
				CLANG_WARN__DUPLICATE_METHOD_MATCH = YES;
				COPY_PHASE_STRIP = NO;
				DEBUG_INFORMATION_FORMAT = "dwarf-with-dsym";
				ENABLE_NS_ASSERTIONS = NO;
				ENABLE_STRICT_OBJC_MSGSEND = YES;
				GCC_C_LANGUAGE_STANDARD = gnu11;
				GCC_NO_COMMON_BLOCKS = YES;
				GCC_WARN_64_TO_32_BIT_CONVERSION = YES;
				GCC_WARN_ABOUT_RETURN_TYPE = YES_ERROR;
				GCC_WARN_UNDECLARED_SELECTOR = YES;
				GCC_WARN_UNINITIALIZED_AUTOS = YES_AGGRESSIVE;
				GCC_WARN_UNUSED_FUNCTION = YES;
				GCC_WARN_UNUSED_VARIABLE = YES;
				IPHONEOS_DEPLOYMENT_TARGET = 16.2;
				MTL_ENABLE_DEBUG_INFO = NO;
				MTL_FAST_MATH = YES;
				SDKROOT = iphoneos;
				SWIFT_COMPILATION_MODE = wholemodule;
				SWIFT_OPTIMIZATION_LEVEL = "-O";
				VALIDATE_PRODUCT = YES;
			};
			name = Release;
		};
		5B78A9A229A343BC00F2517C /* Debug */ = {
			isa = XCBuildConfiguration;
			buildSettings = {
				ASSETCATALOG_COMPILER_APPICON_NAME = AppIcon;
				ASSETCATALOG_COMPILER_GLOBAL_ACCENT_COLOR_NAME = AccentColor;
				CODE_SIGN_STYLE = Automatic;
				CURRENT_PROJECT_VERSION = 1;
				DEVELOPMENT_ASSET_PATHS = "\"AppleMapGuru/Preview Content\"";
				DEVELOPMENT_TEAM = SUDPP9C593;
				ENABLE_PREVIEWS = YES;
				GENERATE_INFOPLIST_FILE = YES;
				INFOPLIST_KEY_UIApplicationSceneManifest_Generation = YES;
				INFOPLIST_KEY_UIApplicationSupportsIndirectInputEvents = YES;
				INFOPLIST_KEY_UILaunchScreen_Generation = YES;
				INFOPLIST_KEY_UISupportedInterfaceOrientations_iPad = "UIInterfaceOrientationPortrait UIInterfaceOrientationPortraitUpsideDown UIInterfaceOrientationLandscapeLeft UIInterfaceOrientationLandscapeRight";
				INFOPLIST_KEY_UISupportedInterfaceOrientations_iPhone = "UIInterfaceOrientationPortrait UIInterfaceOrientationLandscapeLeft UIInterfaceOrientationLandscapeRight";
				LD_RUNPATH_SEARCH_PATHS = (
					"$(inherited)",
					"@executable_path/Frameworks",
				);
				MARKETING_VERSION = 1.0;
				PRODUCT_BUNDLE_IDENTIFIER = kr.martin.AppleMapGuru;
				PRODUCT_NAME = "$(TARGET_NAME)";
				SWIFT_EMIT_LOC_STRINGS = YES;
				SWIFT_VERSION = 5.0;
				TARGETED_DEVICE_FAMILY = "1,2";
			};
			name = Debug;
		};
		5B78A9A329A343BC00F2517C /* Release */ = {
			isa = XCBuildConfiguration;
			buildSettings = {
				ASSETCATALOG_COMPILER_APPICON_NAME = AppIcon;
				ASSETCATALOG_COMPILER_GLOBAL_ACCENT_COLOR_NAME = AccentColor;
				CODE_SIGN_STYLE = Automatic;
				CURRENT_PROJECT_VERSION = 1;
				DEVELOPMENT_ASSET_PATHS = "\"AppleMapGuru/Preview Content\"";
				DEVELOPMENT_TEAM = SUDPP9C593;
				ENABLE_PREVIEWS = YES;
				GENERATE_INFOPLIST_FILE = YES;
				INFOPLIST_KEY_UIApplicationSceneManifest_Generation = YES;
				INFOPLIST_KEY_UIApplicationSupportsIndirectInputEvents = YES;
				INFOPLIST_KEY_UILaunchScreen_Generation = YES;
				INFOPLIST_KEY_UISupportedInterfaceOrientations_iPad = "UIInterfaceOrientationPortrait UIInterfaceOrientationPortraitUpsideDown UIInterfaceOrientationLandscapeLeft UIInterfaceOrientationLandscapeRight";
				INFOPLIST_KEY_UISupportedInterfaceOrientations_iPhone = "UIInterfaceOrientationPortrait UIInterfaceOrientationLandscapeLeft UIInterfaceOrientationLandscapeRight";
				LD_RUNPATH_SEARCH_PATHS = (
					"$(inherited)",
					"@executable_path/Frameworks",
				);
				MARKETING_VERSION = 1.0;
				PRODUCT_BUNDLE_IDENTIFIER = kr.martin.AppleMapGuru;
				PRODUCT_NAME = "$(TARGET_NAME)";
				SWIFT_EMIT_LOC_STRINGS = YES;
				SWIFT_VERSION = 5.0;
				TARGETED_DEVICE_FAMILY = "1,2";
			};
			name = Release;
		};
/* End XCBuildConfiguration section */

/* Begin XCConfigurationList section */
		5B78A98E29A343BA00F2517C /* Build configuration list for PBXProject "AppleMapGuru" */ = {
			isa = XCConfigurationList;
			buildConfigurations = (
				5B78A99F29A343BC00F2517C /* Debug */,
				5B78A9A029A343BC00F2517C /* Release */,
			);
			defaultConfigurationIsVisible = 0;
			defaultConfigurationName = Release;
		};
		5B78A9A129A343BC00F2517C /* Build configuration list for PBXNativeTarget "AppleMapGuru" */ = {
			isa = XCConfigurationList;
			buildConfigurations = (
				5B78A9A229A343BC00F2517C /* Debug */,
				5B78A9A329A343BC00F2517C /* Release */,
			);
			defaultConfigurationIsVisible = 0;
			defaultConfigurationName = Release;
		};
/* End XCConfigurationList section */
	};
	rootObject = 5B78A98B29A343BA00F2517C /* Project object */;
}
